
Microsoft Visual Studio Solution File, Format Version 12.00
# Visual Studio Version 16
VisualStudioVersion = 16.0.30011.22
MinimumVisualStudioVersion = 10.0.40219.1
Project("{FAE04EC0-301F-11D3-BF4B-00C04F79EFBC}") = "testingAsyncProg", "testingAsyncProg\testingAsyncProg.csproj", "{604B71EC-F62D-4138-B73E-671E19410403}"
EndProject
Global
	GlobalSection(SolutionConfigurationPlatforms) = preSolution
		Debug|Any CPU = Debug|Any CPU
		Release|Any CPU = Release|Any CPU
	EndGlobalSection
	GlobalSection(ProjectConfigurationPlatforms) = postSolution
		{604B71EC-F62D-4138-B73E-671E19410403}.Debug|Any CPU.ActiveCfg = Debug|Any CPU
		{604B71EC-F62D-4138-B73E-671E19410403}.Debug|Any CPU.Build.0 = Debug|Any CPU
		{604B71EC-F62D-4138-B73E-671E19410403}.Release|Any CPU.ActiveCfg = Release|Any CPU
		{604B71EC-F62D-4138-B73E-671E19410403}.Release|Any CPU.Build.0 = Release|Any CPU
	EndGlobalSection
	GlobalSection(SolutionProperties) = preSolution
		HideSolutionNode = FALSE
	EndGlobalSection
	GlobalSection(ExtensibilityGlobals) = postSolution
		SolutionGuid = {1766CA92-3A16-4B07-A863-8533672EE826}
	EndGlobalSection
EndGlobal
